
Microsoft Visual Studio Solution File, Format Version 12.00
# Visual Studio 2013
VisualStudioVersion = 12.0.30501.0
MinimumVisualStudioVersion = 10.0.40219.1
Project("{8BC9CEB8-8B4A-11D0-8D11-00A0C91BC942}") = "test", "test.vcxproj", "{00C9E36C-5BCB-4818-9F05-AE695F738D99}"
EndProject
Global
	GlobalSection(SolutionConfigurationPlatforms) = preSolution
		Debug|Win32 = Debug|Win32
		Debug|x64 = Debug|x64
		Release|Win32 = Release|Win32
		Release|x64 = Release|x64
	EndGlobalSection
	GlobalSection(ProjectConfigurationPlatforms) = postSolution
		{00C9E36C-5BCB-4818-9F05-AE695F738D99}.Debug|Win32.ActiveCfg = Debug|Win32
		{00C9E36C-5BCB-4818-9F05-AE695F738D99}.Debug|Win32.Build.0 = Debug|Win32
		{00C9E36C-5BCB-4818-9F05-AE695F738D99}.Debug|x64.ActiveCfg = Debug|x64
		{00C9E36C-5BCB-4818-9F05-AE695F738D99}.Debug|x64.Build.0 = Debug|x64
		{00C9E36C-5BCB-4818-9F05-AE695F738D99}.Release|Win32.ActiveCfg = Release|Win32
		{00C9E36C-5BCB-4818-9F05-AE695F738D99}.Release|Win32.Build.0 = Release|Win32
		{00C9E36C-5BCB-4818-9F05-AE695F738D99}.Release|x64.ActiveCfg = Release|x64
		{00C9E36C-5BCB-4818-9F05-AE695F738D99}.Release|x64.Build.0 = Release|x64
	EndGlobalSection
	GlobalSection(SolutionProperties) = preSolution
		HideSolutionNode = FALSE
	EndGlobalSection
EndGlobal
