<?xml version="1.0" encoding="utf-8"?>
<Project ToolsVersion="4.0" xmlns="http://schemas.microsoft.com/developer/msbuild/2003">
  <ItemGroup>
    <Filter Include="Source Files">
      <UniqueIdentifier>{4FC737F1-C7A5-4376-A066-2A32D752A2FF}</UniqueIdentifier>
      <Extensions>cpp;c;cc;cxx;def;odl;idl;hpj;bat;asm;asmx</Extensions>
    </Filter>
    <Filter Include="Header Files">
      <UniqueIdentifier>{93995380-89BD-4b04-88EB-625FBE52EBFB}</UniqueIdentifier>
      <Extensions>h;hh;hpp;hxx;hm;inl;inc;xsd</Extensions>
    </Filter>
    <Filter Include="Resource Files">
      <UniqueIdentifier>{67DA6AB6-F800-4c08-8B7A-83BB121AAD01}</UniqueIdentifier>
      <Extensions>rc;ico;cur;bmp;dlg;rc2;rct;bin;rgs;gif;jpg;jpeg;jpe;resx;tiff;tif;png;wav;mfcribbon-ms</Extensions>
    </Filter>
  </ItemGroup>
  <ItemGroup>
    <Text Include="ReadMe.txt" />
  </ItemGroup>
  <ItemGroup>
    <ClInclude Include="DensCorrection.h">
      <Filter>Header Files</Filter>
    </ClInclude>
    <ClInclude Include="MacroCrossSection.h">
      <Filter>Header Files</Filter>
    </ClInclude>
    <ClInclude Include="MSPR.h">
      <Filter>Header Files</Filter>
    </ClInclude>
    <ClInclude Include="RSPW.h">
      <Filter>Header Files</Filter>
    </ClInclude>
    <ClInclude Include="OpenCLStuff.h">
      <Filter>Header Files</Filter>
    </ClInclude>
    <ClInclude Include="Phantom.h">
      <Filter>Header Files</Filter>
    </ClInclude>
    <ClInclude Include="Macro.h">
      <Filter>Header Files</Filter>
    </ClInclude>
    <ClInclude Include="Proton.h">
      <Filter>Header Files</Filter>
    </ClInclude>
    <ClInclude Include="randomKernel.h">
      <Filter>Header Files</Filter>
    </ClInclude>
    <ClInclude Include="Secondary.h">
      <Filter>Header Files</Filter>
    </ClInclude>
    <ClInclude Include="ParticleStatus.h">
      <Filter>Header Files</Filter>
    </ClInclude>
    <ClInclude Include="MCEngine.h">
      <Filter>Header Files</Filter>
    </ClInclude>
  </ItemGroup>
  <ItemGroup>
    <ClCompile Include="DensCorrection.cpp">
      <Filter>Source Files</Filter>
    </ClCompile>
    <ClCompile Include="MacroCrossSection.cpp">
      <Filter>Source Files</Filter>
    </ClCompile>
    <ClCompile Include="MSPR.cpp">
      <Filter>Source Files</Filter>
    </ClCompile>
    <ClCompile Include="RSPW.cpp">
      <Filter>Source Files</Filter>
    </ClCompile>
    <ClCompile Include="OpenCLStuff.cpp">
      <Filter>Source Files</Filter>
    </ClCompile>
    <ClCompile Include="Phantom.cpp">
      <Filter>Source Files</Filter>
    </ClCompile>
    <ClCompile Include="Proton.cpp">
      <Filter>Source Files</Filter>
    </ClCompile>
    <ClCompile Include="Secondary.cpp">
      <Filter>Source Files</Filter>
    </ClCompile>
    <ClCompile Include="ParticleStatus.cpp">
      <Filter>Source Files</Filter>
    </ClCompile>
    <ClCompile Include="MCEngine.cpp">
      <Filter>Source Files</Filter>
    </ClCompile>
    <ClCompile Include="main.cpp">
      <Filter>Source Files</Filter>
    </ClCompile>
  </ItemGroup>
  <ItemGroup>
    <None Include="ParticleStatus.cl">
      <Filter>Source Files</Filter>
    </None>
    <None Include="proton_config" />
    <None Include="Phantom.cl">
      <Filter>Source Files</Filter>
    </None>
  </ItemGroup>
</Project>